<Solution>
  <Folder Name="/src/backend/">
    <Project Path="src/backend/TPanel.Api/TPanel.Api.csproj" />
    <Project Path="src/backend/TPanel.Application/TPanel.Application.csproj" />
    <Project Path="src/backend/TPanel.Domain/TPanel.Domain.csproj" />
    <Project Path="src/backend/TPanel.Infrastructure/TPanel.Infrastructure.csproj" />
  </Folder>
</Solution>
