<Solution>
  <Folder Name="/src/backend/">
    <Project Path="src/backend/PayDoPay.Api/PayDoPay.Api.csproj" />
    <Project Path="src/backend/PayDoPay.Application/PayDoPay.Application.csproj" />
    <Project Path="src/backend/PayDoPay.Domain/PayDoPay.Domain.csproj" />
    <Project Path="src/backend/PayDoPay.Infrastructure/PayDoPay.Infrastructure.csproj" />
  </Folder>
</Solution>
